hash: 1f8db2b39651332e40f2c42d117c4b8d1adcefdbefe3caee1e4f1f2f49234aab
updated: 2017-01-03T11:25:29.512695825-05:00
imports:
- name: github.com/fsnotify/fsnotify
  version: 629574ca2a5df945712d3079857300b5e4da0236
- name: github.com/kelseyhightower/envconfig
  version: ac12b1f15efba734211a556d8b125110dc538016
- name: github.com/lyft/gostats
  version: 509f53e8baca66e1c850cb48e88f59b26e741969
  repo: https://lyft-gitreadonly-2:y95kUZb5nC2Xibni8d4VtNe2eiShGWWY@github.com/lyft/gostats
- name: github.com/Sirupsen/logrus
  version: d26492970760ca5d33129d2d799e34be5c4782eb
- name: golang.org/x/sys
  version: eb2c74142fd19a79b3f237334c7384d5167b1b46
  subpackages:
  - unix
testImports:
- name: github.com/davecgh/go-spew
  version: 6d212800a42e8ab5c146b8ace3490ee17e5225f9
  subpackages:
  - spew
- name: github.com/pmezard/go-difflib
  version: d8ed2627bdf02c080bf22230dbb337003b7aba2d
  subpackages:
  - difflib
- name: github.com/stretchr/testify
  version: 69483b4bd14f5845b5a1e55bca19e954e827f1d0
  subpackages:
  - assert
  - require
